
Microsoft Visual Studio Solution File, Format Version 12.00
# Visual Studio Version 17
VisualStudioVersion = 17.5.33414.496
MinimumVisualStudioVersion = 10.0.40219.1
Project("{FAE04EC0-301F-11D3-BF4B-00C04F79EFBC}") = "MathQuiz", "MathQuiz\MathQuiz.csproj", "{09084767-CEEB-4C7C-9602-73CD19820C20}"
EndProject
Global
	GlobalSection(SolutionConfigurationPlatforms) = preSolution
		Debug|Any CPU = Debug|Any CPU
		Release|Any CPU = Release|Any CPU
	EndGlobalSection
	GlobalSection(ProjectConfigurationPlatforms) = postSolution
		{09084767-CEEB-4C7C-9602-73CD19820C20}.Debug|Any CPU.ActiveCfg = Debug|Any CPU
		{09084767-CEEB-4C7C-9602-73CD19820C20}.Debug|Any CPU.Build.0 = Debug|Any CPU
		{09084767-CEEB-4C7C-9602-73CD19820C20}.Release|Any CPU.ActiveCfg = Release|Any CPU
		{09084767-CEEB-4C7C-9602-73CD19820C20}.Release|Any CPU.Build.0 = Release|Any CPU
	EndGlobalSection
	GlobalSection(SolutionProperties) = preSolution
		HideSolutionNode = FALSE
	EndGlobalSection
	GlobalSection(ExtensibilityGlobals) = postSolution
		SolutionGuid = {F47455A0-7767-4929-950D-AAA8848C89F1}
	EndGlobalSection
EndGlobal
